// !$*UTF8*$!
{
	archiveVersion = 1;
	classes = {
	};
	objectVersion = 46;
	objects = {

/* Begin PBXBuildFile section */
		63B757C70D5AD9D1B2BB2FAC /* Pods_NxtService.framework in Frameworks */ = {isa = PBXBuildFile; fileRef = 6F917592FB28876952B5DD74 /* Pods_NxtService.framework */; };
		8805478D1CC56C7800C7677D /* LocationViewController.swift in Sources */ = {isa = PBXBuildFile; fileRef = 8805478C1CC56C7800C7677D /* LocationViewController.swift */; };
		88353DAD1CC454F300E7FE54 /* ServicesViewController.swift in Sources */ = {isa = PBXBuildFile; fileRef = 88353DAC1CC454F300E7FE54 /* ServicesViewController.swift */; };
		884633451CACA20800F660A6 /* MaterialTableView.swift in Sources */ = {isa = PBXBuildFile; fileRef = 884633441CACA20800F660A6 /* MaterialTableView.swift */; };
		884633471CACA45F00F660A6 /* ProfileMenuViewController.swift in Sources */ = {isa = PBXBuildFile; fileRef = 884633461CACA45F00F660A6 /* ProfileMenuViewController.swift */; };
		8854A5E81CB1C03C00383004 /* Account.swift in Sources */ = {isa = PBXBuildFile; fileRef = 8854A5E71CB1C03C00383004 /* Account.swift */; };
		8854A5EA1CB1C40900383004 /* Provider.swift in Sources */ = {isa = PBXBuildFile; fileRef = 8854A5E91CB1C40900383004 /* Provider.swift */; };
		885B789B1CA38FB800F61EC1 /* AppDelegate.swift in Sources */ = {isa = PBXBuildFile; fileRef = 885B789A1CA38FB800F61EC1 /* AppDelegate.swift */; };
		885B789D1CA38FB800F61EC1 /* StartViewController.swift in Sources */ = {isa = PBXBuildFile; fileRef = 885B789C1CA38FB800F61EC1 /* StartViewController.swift */; };
		885B78A01CA38FB800F61EC1 /* Main.storyboard in Resources */ = {isa = PBXBuildFile; fileRef = 885B789E1CA38FB800F61EC1 /* Main.storyboard */; };
		885B78A21CA38FB800F61EC1 /* Assets.xcassets in Resources */ = {isa = PBXBuildFile; fileRef = 885B78A11CA38FB800F61EC1 /* Assets.xcassets */; };
		885B78A51CA38FB800F61EC1 /* LaunchScreen.storyboard in Resources */ = {isa = PBXBuildFile; fileRef = 885B78A31CA38FB800F61EC1 /* LaunchScreen.storyboard */; };
		88ADDCC11CCAFF1100F4BCCC /* SearchViewController.swift in Sources */ = {isa = PBXBuildFile; fileRef = 88ADDCC01CCAFF1100F4BCCC /* SearchViewController.swift */; };
		88ADDCC31CCB029700F4BCCC /* MainServicePicker.xib in Resources */ = {isa = PBXBuildFile; fileRef = 88ADDCC21CCB029700F4BCCC /* MainServicePicker.xib */; };
		88ADDCC51CCB264900F4BCCC /* MainServicePicker.swift in Sources */ = {isa = PBXBuildFile; fileRef = 88ADDCC41CCB264900F4BCCC /* MainServicePicker.swift */; };
		88C0EE9E1CCD98FD00682A54 /* ResultsViewController.swift in Sources */ = {isa = PBXBuildFile; fileRef = 88C0EE9D1CCD98FD00682A54 /* ResultsViewController.swift */; };
		88C0EEA01CCDAE5600682A54 /* ResultsTableViewCell.swift in Sources */ = {isa = PBXBuildFile; fileRef = 88C0EE9F1CCDAE5600682A54 /* ResultsTableViewCell.swift */; };
		88C0EEA21CCDD5C300682A54 /* ProviderNode.swift in Sources */ = {isa = PBXBuildFile; fileRef = 88C0EEA11CCDD5C300682A54 /* ProviderNode.swift */; };
		88C0EEA41CCDD67600682A54 /* ProviderList.swift in Sources */ = {isa = PBXBuildFile; fileRef = 88C0EEA31CCDD67600682A54 /* ProviderList.swift */; };
		88C3AE9C1CBF1EA8003CFA92 /* MaterialIndicatorView.swift in Sources */ = {isa = PBXBuildFile; fileRef = 88C3AE9B1CBF1EA8003CFA92 /* MaterialIndicatorView.swift */; };
		88C3AEA11CBF35DD003CFA92 /* UIViewControllerExtensions.swift in Sources */ = {isa = PBXBuildFile; fileRef = 88C3AEA01CBF35DD003CFA92 /* UIViewControllerExtensions.swift */; };
		88C6BEF61CB2FC520052233C /* DataService.swift in Sources */ = {isa = PBXBuildFile; fileRef = 88C6BEF51CB2FC520052233C /* DataService.swift */; };
		88DA7F641CA9F90900D3D486 /* LoginViewController.swift in Sources */ = {isa = PBXBuildFile; fileRef = 88DA7F631CA9F90900D3D486 /* LoginViewController.swift */; };
		88DA7F681CAA0F4500D3D486 /* SignUpViewController.swift in Sources */ = {isa = PBXBuildFile; fileRef = 88DA7F671CAA0F4500D3D486 /* SignUpViewController.swift */; };
		88E966C41CA9B42F00ED4674 /* Viafont.ttf in Resources */ = {isa = PBXBuildFile; fileRef = 88E966C31CA9B42F00ED4674 /* Viafont.ttf */; };
		88E966C61CA9B7CA00ED4674 /* MaterialButton.swift in Sources */ = {isa = PBXBuildFile; fileRef = 88E966C51CA9B7CA00ED4674 /* MaterialButton.swift */; };
		88E966C81CA9B83A00ED4674 /* Constants.swift in Sources */ = {isa = PBXBuildFile; fileRef = 88E966C71CA9B83A00ED4674 /* Constants.swift */; };
		88E966CA1CA9B94200ED4674 /* MaterialView.swift in Sources */ = {isa = PBXBuildFile; fileRef = 88E966C91CA9B94200ED4674 /* MaterialView.swift */; };
		88F59BBC1CBC8F9400E25D1F /* BasicInfoViewController.swift in Sources */ = {isa = PBXBuildFile; fileRef = 88F59BBB1CBC8F9400E25D1F /* BasicInfoViewController.swift */; };
		88F5B8F11CB8E360003DEF4A /* AppUtilities.swift in Sources */ = {isa = PBXBuildFile; fileRef = 88F5B8F01CB8E360003DEF4A /* AppUtilities.swift */; };
		88F7BFDC1CB7362A0024059E /* GooglePlacesAutocomplete.swift in Sources */ = {isa = PBXBuildFile; fileRef = 88F7BFDB1CB7362A0024059E /* GooglePlacesAutocomplete.swift */; };
		88F7BFDE1CB7363C0024059E /* GooglePlacesAutocomplete.xib in Resources */ = {isa = PBXBuildFile; fileRef = 88F7BFDD1CB7363C0024059E /* GooglePlacesAutocomplete.xib */; };
		88FD6F101CC3330F00C3F9C7 /* CredentialsViewController.swift in Sources */ = {isa = PBXBuildFile; fileRef = 88FD6F0F1CC3330F00C3F9C7 /* CredentialsViewController.swift */; };
		88FE625D1CCBF3F600DCC090 /* SpecialitiesPicker.swift in Sources */ = {isa = PBXBuildFile; fileRef = 88FE625C1CCBF3F600DCC090 /* SpecialitiesPicker.swift */; };
		88FE625F1CCBF4D500DCC090 /* SpecialitiesPicker.xib in Resources */ = {isa = PBXBuildFile; fileRef = 88FE625E1CCBF4D500DCC090 /* SpecialitiesPicker.xib */; };
/* End PBXBuildFile section */

/* Begin PBXFileReference section */
		2DDBA087D7EB3FA8AAB4DAB3 /* Pods-NxtService.debug.xcconfig */ = {isa = PBXFileReference; includeInIndex = 1; lastKnownFileType = text.xcconfig; name = "Pods-NxtService.debug.xcconfig"; path = "Pods/Target Support Files/Pods-NxtService/Pods-NxtService.debug.xcconfig"; sourceTree = "<group>"; };
		44378F1835B460E6A6FC95A0 /* Pods-NxtService.release.xcconfig */ = {isa = PBXFileReference; includeInIndex = 1; lastKnownFileType = text.xcconfig; name = "Pods-NxtService.release.xcconfig"; path = "Pods/Target Support Files/Pods-NxtService/Pods-NxtService.release.xcconfig"; sourceTree = "<group>"; };
		6F917592FB28876952B5DD74 /* Pods_NxtService.framework */ = {isa = PBXFileReference; explicitFileType = wrapper.framework; includeInIndex = 0; path = Pods_NxtService.framework; sourceTree = BUILT_PRODUCTS_DIR; };
		8805478C1CC56C7800C7677D /* LocationViewController.swift */ = {isa = PBXFileReference; fileEncoding = 4; lastKnownFileType = sourcecode.swift; path = LocationViewController.swift; sourceTree = "<group>"; };
		88353DAC1CC454F300E7FE54 /* ServicesViewController.swift */ = {isa = PBXFileReference; fileEncoding = 4; lastKnownFileType = sourcecode.swift; path = ServicesViewController.swift; sourceTree = "<group>"; };
		884633441CACA20800F660A6 /* MaterialTableView.swift */ = {isa = PBXFileReference; fileEncoding = 4; lastKnownFileType = sourcecode.swift; path = MaterialTableView.swift; sourceTree = "<group>"; };
		884633461CACA45F00F660A6 /* ProfileMenuViewController.swift */ = {isa = PBXFileReference; fileEncoding = 4; lastKnownFileType = sourcecode.swift; path = ProfileMenuViewController.swift; sourceTree = "<group>"; };
		8854A5E71CB1C03C00383004 /* Account.swift */ = {isa = PBXFileReference; fileEncoding = 4; lastKnownFileType = sourcecode.swift; path = Account.swift; sourceTree = "<group>"; };
		8854A5E91CB1C40900383004 /* Provider.swift */ = {isa = PBXFileReference; fileEncoding = 4; lastKnownFileType = sourcecode.swift; path = Provider.swift; sourceTree = "<group>"; };
		885B78971CA38FB700F61EC1 /* NxtService.app */ = {isa = PBXFileReference; explicitFileType = wrapper.application; includeInIndex = 0; path = NxtService.app; sourceTree = BUILT_PRODUCTS_DIR; };
		885B789A1CA38FB800F61EC1 /* AppDelegate.swift */ = {isa = PBXFileReference; lastKnownFileType = sourcecode.swift; path = AppDelegate.swift; sourceTree = "<group>"; };
		885B789C1CA38FB800F61EC1 /* StartViewController.swift */ = {isa = PBXFileReference; lastKnownFileType = sourcecode.swift; path = StartViewController.swift; sourceTree = "<group>"; };
		885B789F1CA38FB800F61EC1 /* Base */ = {isa = PBXFileReference; lastKnownFileType = file.storyboard; name = Base; path = Base.lproj/Main.storyboard; sourceTree = "<group>"; };
		885B78A11CA38FB800F61EC1 /* Assets.xcassets */ = {isa = PBXFileReference; lastKnownFileType = folder.assetcatalog; path = Assets.xcassets; sourceTree = "<group>"; };
		885B78A41CA38FB800F61EC1 /* Base */ = {isa = PBXFileReference; lastKnownFileType = file.storyboard; name = Base; path = Base.lproj/LaunchScreen.storyboard; sourceTree = "<group>"; };
		885B78A61CA38FB800F61EC1 /* Info.plist */ = {isa = PBXFileReference; lastKnownFileType = text.plist.xml; path = Info.plist; sourceTree = "<group>"; };
		88ADDCC01CCAFF1100F4BCCC /* SearchViewController.swift */ = {isa = PBXFileReference; fileEncoding = 4; lastKnownFileType = sourcecode.swift; path = SearchViewController.swift; sourceTree = "<group>"; };
		88ADDCC21CCB029700F4BCCC /* MainServicePicker.xib */ = {isa = PBXFileReference; fileEncoding = 4; lastKnownFileType = file.xib; path = MainServicePicker.xib; sourceTree = "<group>"; };
		88ADDCC41CCB264900F4BCCC /* MainServicePicker.swift */ = {isa = PBXFileReference; fileEncoding = 4; lastKnownFileType = sourcecode.swift; path = MainServicePicker.swift; sourceTree = "<group>"; };
		88C0EE9D1CCD98FD00682A54 /* ResultsViewController.swift */ = {isa = PBXFileReference; fileEncoding = 4; lastKnownFileType = sourcecode.swift; path = ResultsViewController.swift; sourceTree = "<group>"; };
		88C0EE9F1CCDAE5600682A54 /* ResultsTableViewCell.swift */ = {isa = PBXFileReference; fileEncoding = 4; lastKnownFileType = sourcecode.swift; path = ResultsTableViewCell.swift; sourceTree = "<group>"; };
		88C0EEA11CCDD5C300682A54 /* ProviderNode.swift */ = {isa = PBXFileReference; fileEncoding = 4; lastKnownFileType = sourcecode.swift; path = ProviderNode.swift; sourceTree = "<group>"; };
		88C0EEA31CCDD67600682A54 /* ProviderList.swift */ = {isa = PBXFileReference; fileEncoding = 4; lastKnownFileType = sourcecode.swift; path = ProviderList.swift; sourceTree = "<group>"; };
		88C3AE9B1CBF1EA8003CFA92 /* MaterialIndicatorView.swift */ = {isa = PBXFileReference; fileEncoding = 4; lastKnownFileType = sourcecode.swift; path = MaterialIndicatorView.swift; sourceTree = "<group>"; };
		88C3AEA01CBF35DD003CFA92 /* UIViewControllerExtensions.swift */ = {isa = PBXFileReference; fileEncoding = 4; lastKnownFileType = sourcecode.swift; path = UIViewControllerExtensions.swift; sourceTree = "<group>"; };
		88C6BEF51CB2FC520052233C /* DataService.swift */ = {isa = PBXFileReference; fileEncoding = 4; lastKnownFileType = sourcecode.swift; path = DataService.swift; sourceTree = "<group>"; };
		88DA7F631CA9F90900D3D486 /* LoginViewController.swift */ = {isa = PBXFileReference; fileEncoding = 4; lastKnownFileType = sourcecode.swift; path = LoginViewController.swift; sourceTree = "<group>"; };
		88DA7F671CAA0F4500D3D486 /* SignUpViewController.swift */ = {isa = PBXFileReference; fileEncoding = 4; lastKnownFileType = sourcecode.swift; path = SignUpViewController.swift; sourceTree = "<group>"; };
		88E966C31CA9B42F00ED4674 /* Viafont.ttf */ = {isa = PBXFileReference; lastKnownFileType = file; path = Viafont.ttf; sourceTree = "<group>"; };
		88E966C51CA9B7CA00ED4674 /* MaterialButton.swift */ = {isa = PBXFileReference; fileEncoding = 4; lastKnownFileType = sourcecode.swift; path = MaterialButton.swift; sourceTree = "<group>"; };
		88E966C71CA9B83A00ED4674 /* Constants.swift */ = {isa = PBXFileReference; fileEncoding = 4; lastKnownFileType = sourcecode.swift; path = Constants.swift; sourceTree = "<group>"; };
		88E966C91CA9B94200ED4674 /* MaterialView.swift */ = {isa = PBXFileReference; fileEncoding = 4; lastKnownFileType = sourcecode.swift; path = MaterialView.swift; sourceTree = "<group>"; };
		88F59BBB1CBC8F9400E25D1F /* BasicInfoViewController.swift */ = {isa = PBXFileReference; fileEncoding = 4; lastKnownFileType = sourcecode.swift; path = BasicInfoViewController.swift; sourceTree = "<group>"; };
		88F5B8F01CB8E360003DEF4A /* AppUtilities.swift */ = {isa = PBXFileReference; fileEncoding = 4; lastKnownFileType = sourcecode.swift; path = AppUtilities.swift; sourceTree = "<group>"; };
		88F7BFDB1CB7362A0024059E /* GooglePlacesAutocomplete.swift */ = {isa = PBXFileReference; fileEncoding = 4; lastKnownFileType = sourcecode.swift; path = GooglePlacesAutocomplete.swift; sourceTree = "<group>"; };
		88F7BFDD1CB7363C0024059E /* GooglePlacesAutocomplete.xib */ = {isa = PBXFileReference; fileEncoding = 4; lastKnownFileType = file.xib; path = GooglePlacesAutocomplete.xib; sourceTree = "<group>"; };
		88FD6F0F1CC3330F00C3F9C7 /* CredentialsViewController.swift */ = {isa = PBXFileReference; fileEncoding = 4; lastKnownFileType = sourcecode.swift; path = CredentialsViewController.swift; sourceTree = "<group>"; };
		88FE625C1CCBF3F600DCC090 /* SpecialitiesPicker.swift */ = {isa = PBXFileReference; fileEncoding = 4; lastKnownFileType = sourcecode.swift; path = SpecialitiesPicker.swift; sourceTree = "<group>"; };
		88FE625E1CCBF4D500DCC090 /* SpecialitiesPicker.xib */ = {isa = PBXFileReference; fileEncoding = 4; lastKnownFileType = file.xib; path = SpecialitiesPicker.xib; sourceTree = "<group>"; };
/* End PBXFileReference section */

/* Begin PBXFrameworksBuildPhase section */
		885B78941CA38FB700F61EC1 /* Frameworks */ = {
			isa = PBXFrameworksBuildPhase;
			buildActionMask = 2147483647;
			files = (
				63B757C70D5AD9D1B2BB2FAC /* Pods_NxtService.framework in Frameworks */,
			);
			runOnlyForDeploymentPostprocessing = 0;
		};
/* End PBXFrameworksBuildPhase section */

/* Begin PBXGroup section */
		885B788E1CA38FB700F61EC1 = {
			isa = PBXGroup;
			children = (
				885B78991CA38FB800F61EC1 /* NxtService */,
				885B78981CA38FB700F61EC1 /* Products */,
				EA7E6DC2EBB414BB92990F5F /* Pods */,
				F8F17672EC24C504868104E4 /* Frameworks */,
			);
			sourceTree = "<group>";
		};
		885B78981CA38FB700F61EC1 /* Products */ = {
			isa = PBXGroup;
			children = (
				885B78971CA38FB700F61EC1 /* NxtService.app */,
			);
			name = Products;
			sourceTree = "<group>";
		};
		885B78991CA38FB800F61EC1 /* NxtService */ = {
			isa = PBXGroup;
			children = (
				88E966BD1CA9B38B00ED4674 /* Model */,
				88E966BE1CA9B39300ED4674 /* View */,
				88E966BF1CA9B39800ED4674 /* Controller */,
				88C3AE9F1CBF35B9003CFA92 /* Extensions */,
				88E966C21CA9B3DB00ED4674 /* Storyboards */,
				88F7BFDA1CB735F60024059E /* Interface Builder XIB */,
				88E966C01CA9B3AA00ED4674 /* Resources */,
				88E966C11CA9B3B400ED4674 /* Utilities */,
				885B789A1CA38FB800F61EC1 /* AppDelegate.swift */,
				885B78A11CA38FB800F61EC1 /* Assets.xcassets */,
				885B78A61CA38FB800F61EC1 /* Info.plist */,
			);
			path = NxtService;
			sourceTree = "<group>";
		};
		88C3AE9F1CBF35B9003CFA92 /* Extensions */ = {
			isa = PBXGroup;
			children = (
				88C3AEA01CBF35DD003CFA92 /* UIViewControllerExtensions.swift */,
			);
			name = Extensions;
			sourceTree = "<group>";
		};
		88E966BD1CA9B38B00ED4674 /* Model */ = {
			isa = PBXGroup;
			children = (
				8854A5E71CB1C03C00383004 /* Account.swift */,
				8854A5E91CB1C40900383004 /* Provider.swift */,
				88C0EEA11CCDD5C300682A54 /* ProviderNode.swift */,
			);
			name = Model;
			sourceTree = "<group>";
		};
		88E966BE1CA9B39300ED4674 /* View */ = {
			isa = PBXGroup;
			children = (
				88E966C51CA9B7CA00ED4674 /* MaterialButton.swift */,
				88E966C91CA9B94200ED4674 /* MaterialView.swift */,
				884633441CACA20800F660A6 /* MaterialTableView.swift */,
				88C3AE9B1CBF1EA8003CFA92 /* MaterialIndicatorView.swift */,
				88C0EE9F1CCDAE5600682A54 /* ResultsTableViewCell.swift */,
			);
			name = View;
			sourceTree = "<group>";
		};
		88E966BF1CA9B39800ED4674 /* Controller */ = {
			isa = PBXGroup;
			children = (
				885B789C1CA38FB800F61EC1 /* StartViewController.swift */,
				88DA7F631CA9F90900D3D486 /* LoginViewController.swift */,
				88DA7F671CAA0F4500D3D486 /* SignUpViewController.swift */,
				884633461CACA45F00F660A6 /* ProfileMenuViewController.swift */,
				88F59BBB1CBC8F9400E25D1F /* BasicInfoViewController.swift */,
				88FD6F0F1CC3330F00C3F9C7 /* CredentialsViewController.swift */,
				88353DAC1CC454F300E7FE54 /* ServicesViewController.swift */,
				8805478C1CC56C7800C7677D /* LocationViewController.swift */,
				88ADDCC01CCAFF1100F4BCCC /* SearchViewController.swift */,
				88C0EE9D1CCD98FD00682A54 /* ResultsViewController.swift */,
			);
			name = Controller;
			sourceTree = "<group>";
		};
		88E966C01CA9B3AA00ED4674 /* Resources */ = {
			isa = PBXGroup;
			children = (
				88E966C31CA9B42F00ED4674 /* Viafont.ttf */,
				88E966C71CA9B83A00ED4674 /* Constants.swift */,
			);
			name = Resources;
			sourceTree = "<group>";
		};
		88E966C11CA9B3B400ED4674 /* Utilities */ = {
			isa = PBXGroup;
			children = (
				88ADDCC41CCB264900F4BCCC /* MainServicePicker.swift */,
				88C6BEF51CB2FC520052233C /* DataService.swift */,
				88F7BFDB1CB7362A0024059E /* GooglePlacesAutocomplete.swift */,
				88F5B8F01CB8E360003DEF4A /* AppUtilities.swift */,
				88FE625C1CCBF3F600DCC090 /* SpecialitiesPicker.swift */,
				88C0EEA31CCDD67600682A54 /* ProviderList.swift */,
			);
			name = Utilities;
			sourceTree = "<group>";
		};
		88E966C21CA9B3DB00ED4674 /* Storyboards */ = {
			isa = PBXGroup;
			children = (
				885B789E1CA38FB800F61EC1 /* Main.storyboard */,
				885B78A31CA38FB800F61EC1 /* LaunchScreen.storyboard */,
			);
			name = Storyboards;
			sourceTree = "<group>";
		};
		88F7BFDA1CB735F60024059E /* Interface Builder XIB */ = {
			isa = PBXGroup;
			children = (
				88F7BFDD1CB7363C0024059E /* GooglePlacesAutocomplete.xib */,
				88ADDCC21CCB029700F4BCCC /* MainServicePicker.xib */,
				88FE625E1CCBF4D500DCC090 /* SpecialitiesPicker.xib */,
			);
			name = "Interface Builder XIB";
			sourceTree = "<group>";
		};
		EA7E6DC2EBB414BB92990F5F /* Pods */ = {
			isa = PBXGroup;
			children = (
				2DDBA087D7EB3FA8AAB4DAB3 /* Pods-NxtService.debug.xcconfig */,
				44378F1835B460E6A6FC95A0 /* Pods-NxtService.release.xcconfig */,
			);
			name = Pods;
			sourceTree = "<group>";
		};
		F8F17672EC24C504868104E4 /* Frameworks */ = {
			isa = PBXGroup;
			children = (
				6F917592FB28876952B5DD74 /* Pods_NxtService.framework */,
			);
			name = Frameworks;
			sourceTree = "<group>";
		};
/* End PBXGroup section */

/* Begin PBXNativeTarget section */
		885B78961CA38FB700F61EC1 /* NxtService */ = {
			isa = PBXNativeTarget;
			buildConfigurationList = 885B78A91CA38FB800F61EC1 /* Build configuration list for PBXNativeTarget "NxtService" */;
			buildPhases = (
				1FFEFE74AB896692FC0D087A /* Check Pods Manifest.lock */,
				885B78931CA38FB700F61EC1 /* Sources */,
				885B78941CA38FB700F61EC1 /* Frameworks */,
				885B78951CA38FB700F61EC1 /* Resources */,
				4D6203EE5F0E1AAB0AE3D8C4 /* Embed Pods Frameworks */,
				9FD5088AF136331FD70C53A1 /* Copy Pods Resources */,
			);
			buildRules = (
			);
			dependencies = (
			);
			name = NxtService;
			productName = NxtService;
			productReference = 885B78971CA38FB700F61EC1 /* NxtService.app */;
			productType = "com.apple.product-type.application";
		};
/* End PBXNativeTarget section */

/* Begin PBXProject section */
		885B788F1CA38FB700F61EC1 /* Project object */ = {
			isa = PBXProject;
			attributes = {
				LastSwiftUpdateCheck = 0730;
				LastUpgradeCheck = 0730;
				ORGANIZATIONNAME = "Project Omicron";
				TargetAttributes = {
					885B78961CA38FB700F61EC1 = {
						CreatedOnToolsVersion = 7.3;
						DevelopmentTeam = ZVS8K2A3JV;
					};
				};
			};
			buildConfigurationList = 885B78921CA38FB700F61EC1 /* Build configuration list for PBXProject "NxtService" */;
			compatibilityVersion = "Xcode 3.2";
			developmentRegion = English;
			hasScannedForEncodings = 0;
			knownRegions = (
				en,
				Base,
			);
			mainGroup = 885B788E1CA38FB700F61EC1;
			productRefGroup = 885B78981CA38FB700F61EC1 /* Products */;
			projectDirPath = "";
			projectRoot = "";
			targets = (
				885B78961CA38FB700F61EC1 /* NxtService */,
			);
		};
/* End PBXProject section */

/* Begin PBXResourcesBuildPhase section */
		885B78951CA38FB700F61EC1 /* Resources */ = {
			isa = PBXResourcesBuildPhase;
			buildActionMask = 2147483647;
			files = (
				885B78A51CA38FB800F61EC1 /* LaunchScreen.storyboard in Resources */,
				885B78A21CA38FB800F61EC1 /* Assets.xcassets in Resources */,
				88FE625F1CCBF4D500DCC090 /* SpecialitiesPicker.xib in Resources */,
				88E966C41CA9B42F00ED4674 /* Viafont.ttf in Resources */,
				885B78A01CA38FB800F61EC1 /* Main.storyboard in Resources */,
				88ADDCC31CCB029700F4BCCC /* MainServicePicker.xib in Resources */,
				88F7BFDE1CB7363C0024059E /* GooglePlacesAutocomplete.xib in Resources */,
			);
			runOnlyForDeploymentPostprocessing = 0;
		};
/* End PBXResourcesBuildPhase section */

/* Begin PBXShellScriptBuildPhase section */
		1FFEFE74AB896692FC0D087A /* Check Pods Manifest.lock */ = {
			isa = PBXShellScriptBuildPhase;
			buildActionMask = 2147483647;
			files = (
			);
			inputPaths = (
			);
			name = "Check Pods Manifest.lock";
			outputPaths = (
			);
			runOnlyForDeploymentPostprocessing = 0;
			shellPath = /bin/sh;
			shellScript = "diff \"${PODS_ROOT}/../Podfile.lock\" \"${PODS_ROOT}/Manifest.lock\" > /dev/null\nif [[ $? != 0 ]] ; then\n    cat << EOM\nerror: The sandbox is not in sync with the Podfile.lock. Run 'pod install' or update your CocoaPods installation.\nEOM\n    exit 1\nfi\n";
			showEnvVarsInLog = 0;
		};
		4D6203EE5F0E1AAB0AE3D8C4 /* Embed Pods Frameworks */ = {
			isa = PBXShellScriptBuildPhase;
			buildActionMask = 2147483647;
			files = (
			);
			inputPaths = (
			);
			name = "Embed Pods Frameworks";
			outputPaths = (
			);
			runOnlyForDeploymentPostprocessing = 0;
			shellPath = /bin/sh;
			shellScript = "\"${SRCROOT}/Pods/Target Support Files/Pods-NxtService/Pods-NxtService-frameworks.sh\"\n";
			showEnvVarsInLog = 0;
		};
		9FD5088AF136331FD70C53A1 /* Copy Pods Resources */ = {
			isa = PBXShellScriptBuildPhase;
			buildActionMask = 2147483647;
			files = (
			);
			inputPaths = (
			);
			name = "Copy Pods Resources";
			outputPaths = (
			);
			runOnlyForDeploymentPostprocessing = 0;
			shellPath = /bin/sh;
			shellScript = "\"${SRCROOT}/Pods/Target Support Files/Pods-NxtService/Pods-NxtService-resources.sh\"\n";
			showEnvVarsInLog = 0;
		};
/* End PBXShellScriptBuildPhase section */

/* Begin PBXSourcesBuildPhase section */
		885B78931CA38FB700F61EC1 /* Sources */ = {
			isa = PBXSourcesBuildPhase;
			buildActionMask = 2147483647;
			files = (
				88F7BFDC1CB7362A0024059E /* GooglePlacesAutocomplete.swift in Sources */,
				88ADDCC51CCB264900F4BCCC /* MainServicePicker.swift in Sources */,
				88FE625D1CCBF3F600DCC090 /* SpecialitiesPicker.swift in Sources */,
				88DA7F641CA9F90900D3D486 /* LoginViewController.swift in Sources */,
				88353DAD1CC454F300E7FE54 /* ServicesViewController.swift in Sources */,
				88C6BEF61CB2FC520052233C /* DataService.swift in Sources */,
				88DA7F681CAA0F4500D3D486 /* SignUpViewController.swift in Sources */,
				885B789D1CA38FB800F61EC1 /* StartViewController.swift in Sources */,
				885B789B1CA38FB800F61EC1 /* AppDelegate.swift in Sources */,
				884633451CACA20800F660A6 /* MaterialTableView.swift in Sources */,
				88C0EEA21CCDD5C300682A54 /* ProviderNode.swift in Sources */,
				8854A5E81CB1C03C00383004 /* Account.swift in Sources */,
				88E966CA1CA9B94200ED4674 /* MaterialView.swift in Sources */,
				88E966C61CA9B7CA00ED4674 /* MaterialButton.swift in Sources */,
				88F59BBC1CBC8F9400E25D1F /* BasicInfoViewController.swift in Sources */,
				8854A5EA1CB1C40900383004 /* Provider.swift in Sources */,
				88E966C81CA9B83A00ED4674 /* Constants.swift in Sources */,
				88FD6F101CC3330F00C3F9C7 /* CredentialsViewController.swift in Sources */,
				88ADDCC11CCAFF1100F4BCCC /* SearchViewController.swift in Sources */,
				8805478D1CC56C7800C7677D /* LocationViewController.swift in Sources */,
				88C3AE9C1CBF1EA8003CFA92 /* MaterialIndicatorView.swift in Sources */,
				88C0EEA41CCDD67600682A54 /* ProviderList.swift in Sources */,
				88C3AEA11CBF35DD003CFA92 /* UIViewControllerExtensions.swift in Sources */,
				88F5B8F11CB8E360003DEF4A /* AppUtilities.swift in Sources */,
				884633471CACA45F00F660A6 /* ProfileMenuViewController.swift in Sources */,
				88C0EE9E1CCD98FD00682A54 /* ResultsViewController.swift in Sources */,
				88C0EEA01CCDAE5600682A54 /* ResultsTableViewCell.swift in Sources */,
			);
			runOnlyForDeploymentPostprocessing = 0;
		};
/* End PBXSourcesBuildPhase section */

/* Begin PBXVariantGroup section */
		885B789E1CA38FB800F61EC1 /* Main.storyboard */ = {
			isa = PBXVariantGroup;
			children = (
				885B789F1CA38FB800F61EC1 /* Base */,
			);
			name = Main.storyboard;
			sourceTree = "<group>";
		};
		885B78A31CA38FB800F61EC1 /* LaunchScreen.storyboard */ = {
			isa = PBXVariantGroup;
			children = (
				885B78A41CA38FB800F61EC1 /* Base */,
			);
			name = LaunchScreen.storyboard;
			sourceTree = "<group>";
		};
/* End PBXVariantGroup section */

/* Begin XCBuildConfiguration section */
		885B78A71CA38FB800F61EC1 /* Debug */ = {
			isa = XCBuildConfiguration;
			buildSettings = {
				ALWAYS_SEARCH_USER_PATHS = NO;
				CLANG_ANALYZER_NONNULL = YES;
				CLANG_CXX_LANGUAGE_STANDARD = "gnu++0x";
				CLANG_CXX_LIBRARY = "libc++";
				CLANG_ENABLE_MODULES = YES;
				CLANG_ENABLE_OBJC_ARC = YES;
				CLANG_WARN_BOOL_CONVERSION = YES;
				CLANG_WARN_CONSTANT_CONVERSION = YES;
				CLANG_WARN_DIRECT_OBJC_ISA_USAGE = YES_ERROR;
				CLANG_WARN_EMPTY_BODY = YES;
				CLANG_WARN_ENUM_CONVERSION = YES;
				CLANG_WARN_INT_CONVERSION = YES;
				CLANG_WARN_OBJC_ROOT_CLASS = YES_ERROR;
				CLANG_WARN_UNREACHABLE_CODE = YES;
				CLANG_WARN__DUPLICATE_METHOD_MATCH = YES;
				"CODE_SIGN_IDENTITY[sdk=iphoneos*]" = "iPhone Developer";
				COPY_PHASE_STRIP = NO;
				DEBUG_INFORMATION_FORMAT = dwarf;
				ENABLE_STRICT_OBJC_MSGSEND = YES;
				ENABLE_TESTABILITY = YES;
				GCC_C_LANGUAGE_STANDARD = gnu99;
				GCC_DYNAMIC_NO_PIC = NO;
				GCC_NO_COMMON_BLOCKS = YES;
				GCC_OPTIMIZATION_LEVEL = 0;
				GCC_PREPROCESSOR_DEFINITIONS = (
					"DEBUG=1",
					"$(inherited)",
				);
				GCC_WARN_64_TO_32_BIT_CONVERSION = YES;
				GCC_WARN_ABOUT_RETURN_TYPE = YES_ERROR;
				GCC_WARN_UNDECLARED_SELECTOR = YES;
				GCC_WARN_UNINITIALIZED_AUTOS = YES_AGGRESSIVE;
				GCC_WARN_UNUSED_FUNCTION = YES;
				GCC_WARN_UNUSED_VARIABLE = YES;
				IPHONEOS_DEPLOYMENT_TARGET = 9.3;
				MTL_ENABLE_DEBUG_INFO = YES;
				ONLY_ACTIVE_ARCH = YES;
				SDKROOT = iphoneos;
				SWIFT_OPTIMIZATION_LEVEL = "-Onone";
				TARGETED_DEVICE_FAMILY = "1,2";
			};
			name = Debug;
		};
		885B78A81CA38FB800F61EC1 /* Release */ = {
			isa = XCBuildConfiguration;
			buildSettings = {
				ALWAYS_SEARCH_USER_PATHS = NO;
				CLANG_ANALYZER_NONNULL = YES;
				CLANG_CXX_LANGUAGE_STANDARD = "gnu++0x";
				CLANG_CXX_LIBRARY = "libc++";
				CLANG_ENABLE_MODULES = YES;
				CLANG_ENABLE_OBJC_ARC = YES;
				CLANG_WARN_BOOL_CONVERSION = YES;
				CLANG_WARN_CONSTANT_CONVERSION = YES;
				CLANG_WARN_DIRECT_OBJC_ISA_USAGE = YES_ERROR;
				CLANG_WARN_EMPTY_BODY = YES;
				CLANG_WARN_ENUM_CONVERSION = YES;
				CLANG_WARN_INT_CONVERSION = YES;
				CLANG_WARN_OBJC_ROOT_CLASS = YES_ERROR;
				CLANG_WARN_UNREACHABLE_CODE = YES;
				CLANG_WARN__DUPLICATE_METHOD_MATCH = YES;
				"CODE_SIGN_IDENTITY[sdk=iphoneos*]" = "iPhone Developer";
				COPY_PHASE_STRIP = NO;
				DEBUG_INFORMATION_FORMAT = "dwarf-with-dsym";
				ENABLE_NS_ASSERTIONS = NO;
				ENABLE_STRICT_OBJC_MSGSEND = YES;
				GCC_C_LANGUAGE_STANDARD = gnu99;
				GCC_NO_COMMON_BLOCKS = YES;
				GCC_WARN_64_TO_32_BIT_CONVERSION = YES;
				GCC_WARN_ABOUT_RETURN_TYPE = YES_ERROR;
				GCC_WARN_UNDECLARED_SELECTOR = YES;
				GCC_WARN_UNINITIALIZED_AUTOS = YES_AGGRESSIVE;
				GCC_WARN_UNUSED_FUNCTION = YES;
				GCC_WARN_UNUSED_VARIABLE = YES;
				IPHONEOS_DEPLOYMENT_TARGET = 9.3;
				MTL_ENABLE_DEBUG_INFO = NO;
				SDKROOT = iphoneos;
				TARGETED_DEVICE_FAMILY = "1,2";
				VALIDATE_PRODUCT = YES;
			};
			name = Release;
		};
		885B78AA1CA38FB800F61EC1 /* Debug */ = {
			isa = XCBuildConfiguration;
			baseConfigurationReference = 2DDBA087D7EB3FA8AAB4DAB3 /* Pods-NxtService.debug.xcconfig */;
			buildSettings = {
				ASSETCATALOG_COMPILER_APPICON_NAME = AppIcon;
				INFOPLIST_FILE = NxtService/Info.plist;
				LD_RUNPATH_SEARCH_PATHS = "$(inherited) @executable_path/Frameworks";
				PRODUCT_BUNDLE_IDENTIFIER = com.projectomicron.NxtService;
				PRODUCT_NAME = "$(TARGET_NAME)";
			};
			name = Debug;
		};
		885B78AB1CA38FB800F61EC1 /* Release */ = {
			isa = XCBuildConfiguration;
			baseConfigurationReference = 44378F1835B460E6A6FC95A0 /* Pods-NxtService.release.xcconfig */;
			buildSettings = {
				ASSETCATALOG_COMPILER_APPICON_NAME = AppIcon;
				INFOPLIST_FILE = NxtService/Info.plist;
				LD_RUNPATH_SEARCH_PATHS = "$(inherited) @executable_path/Frameworks";
				PRODUCT_BUNDLE_IDENTIFIER = com.projectomicron.NxtService;
				PRODUCT_NAME = "$(TARGET_NAME)";
			};
			name = Release;
		};
/* End XCBuildConfiguration section */

/* Begin XCConfigurationList section */
		885B78921CA38FB700F61EC1 /* Build configuration list for PBXProject "NxtService" */ = {
			isa = XCConfigurationList;
			buildConfigurations = (
				885B78A71CA38FB800F61EC1 /* Debug */,
				885B78A81CA38FB800F61EC1 /* Release */,
			);
			defaultConfigurationIsVisible = 0;
			defaultConfigurationName = Release;
		};
		885B78A91CA38FB800F61EC1 /* Build configuration list for PBXNativeTarget "NxtService" */ = {
			isa = XCConfigurationList;
			buildConfigurations = (
				885B78AA1CA38FB800F61EC1 /* Debug */,
				885B78AB1CA38FB800F61EC1 /* Release */,
			);
			defaultConfigurationIsVisible = 0;
			defaultConfigurationName = Release;
		};
/* End XCConfigurationList section */
	};
	rootObject = 885B788F1CA38FB700F61EC1 /* Project object */;
}
