<?xml version="1.0" encoding="UTF-8"?>
<!DOCTYPE plist PUBLIC "-//Apple//DTD PLIST 1.0//EN" "http://www.apple.com/DTDs/PropertyList-1.0.dtd">
<plist version="1.0">
<dict>
	<key>archiveVersion</key>
	<string>1</string>
	<key>classes</key>
	<dict/>
	<key>objectVersion</key>
	<string>46</string>
	<key>objects</key>
	<dict>
		<key>1FFEFE74AB896692FC0D087A</key>
		<dict>
			<key>buildActionMask</key>
			<string>2147483647</string>
			<key>files</key>
			<array/>
			<key>inputPaths</key>
			<array/>
			<key>isa</key>
			<string>PBXShellScriptBuildPhase</string>
			<key>name</key>
			<string>Check Pods Manifest.lock</string>
			<key>outputPaths</key>
			<array/>
			<key>runOnlyForDeploymentPostprocessing</key>
			<string>0</string>
			<key>shellPath</key>
			<string>/bin/sh</string>
			<key>shellScript</key>
			<string>diff "${PODS_ROOT}/../Podfile.lock" "${PODS_ROOT}/Manifest.lock" &gt; /dev/null
if [[ $? != 0 ]] ; then
    cat &lt;&lt; EOM
error: The sandbox is not in sync with the Podfile.lock. Run 'pod install' or update your CocoaPods installation.
EOM
    exit 1
fi
</string>
			<key>showEnvVarsInLog</key>
			<string>0</string>
		</dict>
		<key>2DDBA087D7EB3FA8AAB4DAB3</key>
		<dict>
			<key>includeInIndex</key>
			<string>1</string>
			<key>isa</key>
			<string>PBXFileReference</string>
			<key>lastKnownFileType</key>
			<string>text.xcconfig</string>
			<key>name</key>
			<string>Pods-NxtService.debug.xcconfig</string>
			<key>path</key>
			<string>Pods/Target Support Files/Pods-NxtService/Pods-NxtService.debug.xcconfig</string>
			<key>sourceTree</key>
			<string>&lt;group&gt;</string>
		</dict>
		<key>44378F1835B460E6A6FC95A0</key>
		<dict>
			<key>includeInIndex</key>
			<string>1</string>
			<key>isa</key>
			<string>PBXFileReference</string>
			<key>lastKnownFileType</key>
			<string>text.xcconfig</string>
			<key>name</key>
			<string>Pods-NxtService.release.xcconfig</string>
			<key>path</key>
			<string>Pods/Target Support Files/Pods-NxtService/Pods-NxtService.release.xcconfig</string>
			<key>sourceTree</key>
			<string>&lt;group&gt;</string>
		</dict>
		<key>4D6203EE5F0E1AAB0AE3D8C4</key>
		<dict>
			<key>buildActionMask</key>
			<string>2147483647</string>
			<key>files</key>
			<array/>
			<key>inputPaths</key>
			<array/>
			<key>isa</key>
			<string>PBXShellScriptBuildPhase</string>
			<key>name</key>
			<string>Embed Pods Frameworks</string>
			<key>outputPaths</key>
			<array/>
			<key>runOnlyForDeploymentPostprocessing</key>
			<string>0</string>
			<key>shellPath</key>
			<string>/bin/sh</string>
			<key>shellScript</key>
			<string>"${SRCROOT}/Pods/Target Support Files/Pods-NxtService/Pods-NxtService-frameworks.sh"
</string>
			<key>showEnvVarsInLog</key>
			<string>0</string>
		</dict>
		<key>63B757C70D5AD9D1B2BB2FAC</key>
		<dict>
			<key>fileRef</key>
			<string>6F917592FB28876952B5DD74</string>
			<key>isa</key>
			<string>PBXBuildFile</string>
		</dict>
		<key>6F917592FB28876952B5DD74</key>
		<dict>
			<key>explicitFileType</key>
			<string>wrapper.framework</string>
			<key>includeInIndex</key>
			<string>0</string>
			<key>isa</key>
			<string>PBXFileReference</string>
			<key>path</key>
			<string>Pods_NxtService.framework</string>
			<key>sourceTree</key>
			<string>BUILT_PRODUCTS_DIR</string>
		</dict>
		<key>884633441CACA20800F660A6</key>
		<dict>
			<key>fileEncoding</key>
			<string>4</string>
			<key>isa</key>
			<string>PBXFileReference</string>
			<key>lastKnownFileType</key>
			<string>sourcecode.swift</string>
			<key>path</key>
			<string>MaterialTableView.swift</string>
			<key>sourceTree</key>
			<string>&lt;group&gt;</string>
		</dict>
		<key>884633451CACA20800F660A6</key>
		<dict>
			<key>fileRef</key>
			<string>884633441CACA20800F660A6</string>
			<key>isa</key>
			<string>PBXBuildFile</string>
		</dict>
		<key>884633461CACA45F00F660A6</key>
		<dict>
			<key>fileEncoding</key>
			<string>4</string>
			<key>isa</key>
			<string>PBXFileReference</string>
			<key>lastKnownFileType</key>
			<string>sourcecode.swift</string>
			<key>path</key>
			<string>ProfileMenuViewController.swift</string>
			<key>sourceTree</key>
			<string>&lt;group&gt;</string>
		</dict>
		<key>884633471CACA45F00F660A6</key>
		<dict>
			<key>fileRef</key>
			<string>884633461CACA45F00F660A6</string>
			<key>isa</key>
			<string>PBXBuildFile</string>
		</dict>
		<key>8851FEDE1CAB4354007B7B55</key>
		<dict>
			<key>fileEncoding</key>
			<string>4</string>
			<key>isa</key>
			<string>PBXFileReference</string>
			<key>lastKnownFileType</key>
			<string>sourcecode.swift</string>
			<key>path</key>
			<string>LocationSearchViewController.swift</string>
			<key>sourceTree</key>
			<string>&lt;group&gt;</string>
		</dict>
		<key>8851FEDF1CAB4354007B7B55</key>
		<dict>
			<key>fileRef</key>
			<string>8851FEDE1CAB4354007B7B55</string>
			<key>isa</key>
			<string>PBXBuildFile</string>
		</dict>
		<key>8851FEE01CAB4579007B7B55</key>
		<dict>
			<key>fileEncoding</key>
			<string>4</string>
			<key>isa</key>
			<string>PBXFileReference</string>
			<key>lastKnownFileType</key>
			<string>sourcecode.swift</string>
			<key>path</key>
			<string>LocationSearchViewBar.swift</string>
			<key>sourceTree</key>
			<string>&lt;group&gt;</string>
		</dict>
		<key>8851FEE11CAB4579007B7B55</key>
		<dict>
			<key>fileRef</key>
			<string>8851FEE01CAB4579007B7B55</string>
			<key>isa</key>
			<string>PBXBuildFile</string>
		</dict>
		<key>8854A5E71CB1C03C00383004</key>
		<dict>
			<key>fileEncoding</key>
			<string>4</string>
			<key>isa</key>
			<string>PBXFileReference</string>
			<key>lastKnownFileType</key>
			<string>sourcecode.swift</string>
			<key>path</key>
			<string>Account.swift</string>
			<key>sourceTree</key>
			<string>&lt;group&gt;</string>
		</dict>
		<key>8854A5E81CB1C03C00383004</key>
		<dict>
			<key>fileRef</key>
			<string>8854A5E71CB1C03C00383004</string>
			<key>isa</key>
			<string>PBXBuildFile</string>
		</dict>
		<key>8854A5E91CB1C40900383004</key>
		<dict>
			<key>fileEncoding</key>
			<string>4</string>
			<key>isa</key>
			<string>PBXFileReference</string>
			<key>lastKnownFileType</key>
			<string>sourcecode.swift</string>
			<key>path</key>
			<string>Provider.swift</string>
			<key>sourceTree</key>
			<string>&lt;group&gt;</string>
		</dict>
		<key>8854A5EA1CB1C40900383004</key>
		<dict>
			<key>fileRef</key>
			<string>8854A5E91CB1C40900383004</string>
			<key>isa</key>
			<string>PBXBuildFile</string>
		</dict>
		<key>885B788E1CA38FB700F61EC1</key>
		<dict>
			<key>children</key>
			<array>
				<string>885B78991CA38FB800F61EC1</string>
				<string>885B78981CA38FB700F61EC1</string>
				<string>EA7E6DC2EBB414BB92990F5F</string>
				<string>F8F17672EC24C504868104E4</string>
			</array>
			<key>isa</key>
			<string>PBXGroup</string>
			<key>sourceTree</key>
			<string>&lt;group&gt;</string>
		</dict>
		<key>885B788F1CA38FB700F61EC1</key>
		<dict>
			<key>attributes</key>
			<dict>
				<key>LastSwiftUpdateCheck</key>
				<string>0730</string>
				<key>LastUpgradeCheck</key>
				<string>0730</string>
				<key>ORGANIZATIONNAME</key>
				<string>Project Omicron</string>
				<key>TargetAttributes</key>
				<dict>
					<key>885B78961CA38FB700F61EC1</key>
					<dict>
						<key>CreatedOnToolsVersion</key>
						<string>7.3</string>
						<key>DevelopmentTeam</key>
						<string>ZVS8K2A3JV</string>
					</dict>
				</dict>
			</dict>
			<key>buildConfigurationList</key>
			<string>885B78921CA38FB700F61EC1</string>
			<key>compatibilityVersion</key>
			<string>Xcode 3.2</string>
			<key>developmentRegion</key>
			<string>English</string>
			<key>hasScannedForEncodings</key>
			<string>0</string>
			<key>isa</key>
			<string>PBXProject</string>
			<key>knownRegions</key>
			<array>
				<string>en</string>
				<string>Base</string>
			</array>
			<key>mainGroup</key>
			<string>885B788E1CA38FB700F61EC1</string>
			<key>productRefGroup</key>
			<string>885B78981CA38FB700F61EC1</string>
			<key>projectDirPath</key>
			<string></string>
			<key>projectReferences</key>
			<array/>
			<key>projectRoot</key>
			<string></string>
			<key>targets</key>
			<array>
				<string>885B78961CA38FB700F61EC1</string>
			</array>
		</dict>
		<key>885B78921CA38FB700F61EC1</key>
		<dict>
			<key>buildConfigurations</key>
			<array>
				<string>885B78A71CA38FB800F61EC1</string>
				<string>885B78A81CA38FB800F61EC1</string>
			</array>
			<key>defaultConfigurationIsVisible</key>
			<string>0</string>
			<key>defaultConfigurationName</key>
			<string>Release</string>
			<key>isa</key>
			<string>XCConfigurationList</string>
		</dict>
		<key>885B78931CA38FB700F61EC1</key>
		<dict>
			<key>buildActionMask</key>
			<string>2147483647</string>
			<key>files</key>
			<array>
				<string>88DA7F641CA9F90900D3D486</string>
				<string>88DA7F681CAA0F4500D3D486</string>
				<string>885B789D1CA38FB800F61EC1</string>
				<string>885B789B1CA38FB800F61EC1</string>
				<string>884633451CACA20800F660A6</string>
				<string>8854A5E81CB1C03C00383004</string>
				<string>88E966CA1CA9B94200ED4674</string>
				<string>8851FEE11CAB4579007B7B55</string>
				<string>88E966C61CA9B7CA00ED4674</string>
				<string>8854A5EA1CB1C40900383004</string>
				<string>88E966C81CA9B83A00ED4674</string>
				<string>8851FEDF1CAB4354007B7B55</string>
				<string>884633471CACA45F00F660A6</string>
			</array>
			<key>isa</key>
			<string>PBXSourcesBuildPhase</string>
			<key>runOnlyForDeploymentPostprocessing</key>
			<string>0</string>
		</dict>
		<key>885B78941CA38FB700F61EC1</key>
		<dict>
			<key>buildActionMask</key>
			<string>2147483647</string>
			<key>files</key>
			<array>
				<string>63B757C70D5AD9D1B2BB2FAC</string>
			</array>
			<key>isa</key>
			<string>PBXFrameworksBuildPhase</string>
			<key>runOnlyForDeploymentPostprocessing</key>
			<string>0</string>
		</dict>
		<key>885B78951CA38FB700F61EC1</key>
		<dict>
			<key>buildActionMask</key>
			<string>2147483647</string>
			<key>files</key>
			<array>
				<string>885B78A51CA38FB800F61EC1</string>
				<string>885B78A21CA38FB800F61EC1</string>
				<string>88E966C41CA9B42F00ED4674</string>
				<string>885B78A01CA38FB800F61EC1</string>
			</array>
			<key>isa</key>
			<string>PBXResourcesBuildPhase</string>
			<key>runOnlyForDeploymentPostprocessing</key>
			<string>0</string>
		</dict>
		<key>885B78961CA38FB700F61EC1</key>
		<dict>
			<key>buildConfigurationList</key>
			<string>885B78A91CA38FB800F61EC1</string>
			<key>buildPhases</key>
			<array>
				<string>1FFEFE74AB896692FC0D087A</string>
				<string>885B78931CA38FB700F61EC1</string>
				<string>885B78941CA38FB700F61EC1</string>
				<string>885B78951CA38FB700F61EC1</string>
				<string>4D6203EE5F0E1AAB0AE3D8C4</string>
				<string>9FD5088AF136331FD70C53A1</string>
			</array>
			<key>buildRules</key>
			<array/>
			<key>dependencies</key>
			<array/>
			<key>isa</key>
			<string>PBXNativeTarget</string>
			<key>name</key>
			<string>NxtService</string>
			<key>productName</key>
			<string>NxtService</string>
			<key>productReference</key>
			<string>885B78971CA38FB700F61EC1</string>
			<key>productType</key>
			<string>com.apple.product-type.application</string>
		</dict>
		<key>885B78971CA38FB700F61EC1</key>
		<dict>
			<key>explicitFileType</key>
			<string>wrapper.application</string>
			<key>includeInIndex</key>
			<string>0</string>
			<key>isa</key>
			<string>PBXFileReference</string>
			<key>path</key>
			<string>NxtService.app</string>
			<key>sourceTree</key>
			<string>BUILT_PRODUCTS_DIR</string>
		</dict>
		<key>885B78981CA38FB700F61EC1</key>
		<dict>
			<key>children</key>
			<array>
				<string>885B78971CA38FB700F61EC1</string>
			</array>
			<key>isa</key>
			<string>PBXGroup</string>
			<key>name</key>
			<string>Products</string>
			<key>sourceTree</key>
			<string>&lt;group&gt;</string>
		</dict>
		<key>885B78991CA38FB800F61EC1</key>
		<dict>
			<key>children</key>
			<array>
				<string>88E966BD1CA9B38B00ED4674</string>
				<string>88E966BE1CA9B39300ED4674</string>
				<string>88E966BF1CA9B39800ED4674</string>
				<string>88E966C21CA9B3DB00ED4674</string>
				<string>88E966C01CA9B3AA00ED4674</string>
				<string>88E966C11CA9B3B400ED4674</string>
				<string>885B789A1CA38FB800F61EC1</string>
				<string>885B78A11CA38FB800F61EC1</string>
				<string>885B78A61CA38FB800F61EC1</string>
			</array>
			<key>isa</key>
			<string>PBXGroup</string>
			<key>path</key>
			<string>NxtService</string>
			<key>sourceTree</key>
			<string>&lt;group&gt;</string>
		</dict>
		<key>885B789A1CA38FB800F61EC1</key>
		<dict>
			<key>isa</key>
			<string>PBXFileReference</string>
			<key>lastKnownFileType</key>
			<string>sourcecode.swift</string>
			<key>path</key>
			<string>AppDelegate.swift</string>
			<key>sourceTree</key>
			<string>&lt;group&gt;</string>
		</dict>
		<key>885B789B1CA38FB800F61EC1</key>
		<dict>
			<key>fileRef</key>
			<string>885B789A1CA38FB800F61EC1</string>
			<key>isa</key>
			<string>PBXBuildFile</string>
		</dict>
		<key>885B789C1CA38FB800F61EC1</key>
		<dict>
			<key>isa</key>
			<string>PBXFileReference</string>
			<key>lastKnownFileType</key>
			<string>sourcecode.swift</string>
			<key>path</key>
			<string>StartViewController.swift</string>
			<key>sourceTree</key>
			<string>&lt;group&gt;</string>
		</dict>
		<key>885B789D1CA38FB800F61EC1</key>
		<dict>
			<key>fileRef</key>
			<string>885B789C1CA38FB800F61EC1</string>
			<key>isa</key>
			<string>PBXBuildFile</string>
		</dict>
		<key>885B789E1CA38FB800F61EC1</key>
		<dict>
			<key>children</key>
			<array>
				<string>885B789F1CA38FB800F61EC1</string>
			</array>
			<key>isa</key>
			<string>PBXVariantGroup</string>
			<key>name</key>
			<string>Main.storyboard</string>
			<key>sourceTree</key>
			<string>&lt;group&gt;</string>
		</dict>
		<key>885B789F1CA38FB800F61EC1</key>
		<dict>
			<key>isa</key>
			<string>PBXFileReference</string>
			<key>lastKnownFileType</key>
			<string>file.storyboard</string>
			<key>name</key>
			<string>Base</string>
			<key>path</key>
			<string>Base.lproj/Main.storyboard</string>
			<key>sourceTree</key>
			<string>&lt;group&gt;</string>
		</dict>
		<key>885B78A01CA38FB800F61EC1</key>
		<dict>
			<key>fileRef</key>
			<string>885B789E1CA38FB800F61EC1</string>
			<key>isa</key>
			<string>PBXBuildFile</string>
		</dict>
		<key>885B78A11CA38FB800F61EC1</key>
		<dict>
			<key>isa</key>
			<string>PBXFileReference</string>
			<key>lastKnownFileType</key>
			<string>folder.assetcatalog</string>
			<key>path</key>
			<string>Assets.xcassets</string>
			<key>sourceTree</key>
			<string>&lt;group&gt;</string>
		</dict>
		<key>885B78A21CA38FB800F61EC1</key>
		<dict>
			<key>fileRef</key>
			<string>885B78A11CA38FB800F61EC1</string>
			<key>isa</key>
			<string>PBXBuildFile</string>
		</dict>
		<key>885B78A31CA38FB800F61EC1</key>
		<dict>
			<key>children</key>
			<array>
				<string>885B78A41CA38FB800F61EC1</string>
			</array>
			<key>isa</key>
			<string>PBXVariantGroup</string>
			<key>name</key>
			<string>LaunchScreen.storyboard</string>
			<key>sourceTree</key>
			<string>&lt;group&gt;</string>
		</dict>
		<key>885B78A41CA38FB800F61EC1</key>
		<dict>
			<key>isa</key>
			<string>PBXFileReference</string>
			<key>lastKnownFileType</key>
			<string>file.storyboard</string>
			<key>name</key>
			<string>Base</string>
			<key>path</key>
			<string>Base.lproj/LaunchScreen.storyboard</string>
			<key>sourceTree</key>
			<string>&lt;group&gt;</string>
		</dict>
		<key>885B78A51CA38FB800F61EC1</key>
		<dict>
			<key>fileRef</key>
			<string>885B78A31CA38FB800F61EC1</string>
			<key>isa</key>
			<string>PBXBuildFile</string>
		</dict>
		<key>885B78A61CA38FB800F61EC1</key>
		<dict>
			<key>isa</key>
			<string>PBXFileReference</string>
			<key>lastKnownFileType</key>
			<string>text.plist.xml</string>
			<key>path</key>
			<string>Info.plist</string>
			<key>sourceTree</key>
			<string>&lt;group&gt;</string>
		</dict>
		<key>885B78A71CA38FB800F61EC1</key>
		<dict>
			<key>buildSettings</key>
			<dict>
				<key>ALWAYS_SEARCH_USER_PATHS</key>
				<string>NO</string>
				<key>CLANG_ANALYZER_NONNULL</key>
				<string>YES</string>
				<key>CLANG_CXX_LANGUAGE_STANDARD</key>
				<string>gnu++0x</string>
				<key>CLANG_CXX_LIBRARY</key>
				<string>libc++</string>
				<key>CLANG_ENABLE_MODULES</key>
				<string>YES</string>
				<key>CLANG_ENABLE_OBJC_ARC</key>
				<string>YES</string>
				<key>CLANG_WARN_BOOL_CONVERSION</key>
				<string>YES</string>
				<key>CLANG_WARN_CONSTANT_CONVERSION</key>
				<string>YES</string>
				<key>CLANG_WARN_DIRECT_OBJC_ISA_USAGE</key>
				<string>YES_ERROR</string>
				<key>CLANG_WARN_EMPTY_BODY</key>
				<string>YES</string>
				<key>CLANG_WARN_ENUM_CONVERSION</key>
				<string>YES</string>
				<key>CLANG_WARN_INT_CONVERSION</key>
				<string>YES</string>
				<key>CLANG_WARN_OBJC_ROOT_CLASS</key>
				<string>YES_ERROR</string>
				<key>CLANG_WARN_UNREACHABLE_CODE</key>
				<string>YES</string>
				<key>CLANG_WARN__DUPLICATE_METHOD_MATCH</key>
				<string>YES</string>
				<key>CODE_SIGN_IDENTITY[sdk=iphoneos*]</key>
				<string>iPhone Developer</string>
				<key>COPY_PHASE_STRIP</key>
				<string>NO</string>
				<key>DEBUG_INFORMATION_FORMAT</key>
				<string>dwarf</string>
				<key>ENABLE_STRICT_OBJC_MSGSEND</key>
				<string>YES</string>
				<key>ENABLE_TESTABILITY</key>
				<string>YES</string>
				<key>GCC_C_LANGUAGE_STANDARD</key>
				<string>gnu99</string>
				<key>GCC_DYNAMIC_NO_PIC</key>
				<string>NO</string>
				<key>GCC_NO_COMMON_BLOCKS</key>
				<string>YES</string>
				<key>GCC_OPTIMIZATION_LEVEL</key>
				<string>0</string>
				<key>GCC_PREPROCESSOR_DEFINITIONS</key>
				<array>
					<string>DEBUG=1</string>
					<string>$(inherited)</string>
				</array>
				<key>GCC_WARN_64_TO_32_BIT_CONVERSION</key>
				<string>YES</string>
				<key>GCC_WARN_ABOUT_RETURN_TYPE</key>
				<string>YES_ERROR</string>
				<key>GCC_WARN_UNDECLARED_SELECTOR</key>
				<string>YES</string>
				<key>GCC_WARN_UNINITIALIZED_AUTOS</key>
				<string>YES_AGGRESSIVE</string>
				<key>GCC_WARN_UNUSED_FUNCTION</key>
				<string>YES</string>
				<key>GCC_WARN_UNUSED_VARIABLE</key>
				<string>YES</string>
				<key>IPHONEOS_DEPLOYMENT_TARGET</key>
				<string>9.3</string>
				<key>MTL_ENABLE_DEBUG_INFO</key>
				<string>YES</string>
				<key>ONLY_ACTIVE_ARCH</key>
				<string>YES</string>
				<key>SDKROOT</key>
				<string>iphoneos</string>
				<key>SWIFT_OPTIMIZATION_LEVEL</key>
				<string>-Onone</string>
				<key>TARGETED_DEVICE_FAMILY</key>
				<string>1,2</string>
			</dict>
			<key>isa</key>
			<string>XCBuildConfiguration</string>
			<key>name</key>
			<string>Debug</string>
		</dict>
		<key>885B78A81CA38FB800F61EC1</key>
		<dict>
			<key>buildSettings</key>
			<dict>
				<key>ALWAYS_SEARCH_USER_PATHS</key>
				<string>NO</string>
				<key>CLANG_ANALYZER_NONNULL</key>
				<string>YES</string>
				<key>CLANG_CXX_LANGUAGE_STANDARD</key>
				<string>gnu++0x</string>
				<key>CLANG_CXX_LIBRARY</key>
				<string>libc++</string>
				<key>CLANG_ENABLE_MODULES</key>
				<string>YES</string>
				<key>CLANG_ENABLE_OBJC_ARC</key>
				<string>YES</string>
				<key>CLANG_WARN_BOOL_CONVERSION</key>
				<string>YES</string>
				<key>CLANG_WARN_CONSTANT_CONVERSION</key>
				<string>YES</string>
				<key>CLANG_WARN_DIRECT_OBJC_ISA_USAGE</key>
				<string>YES_ERROR</string>
				<key>CLANG_WARN_EMPTY_BODY</key>
				<string>YES</string>
				<key>CLANG_WARN_ENUM_CONVERSION</key>
				<string>YES</string>
				<key>CLANG_WARN_INT_CONVERSION</key>
				<string>YES</string>
				<key>CLANG_WARN_OBJC_ROOT_CLASS</key>
				<string>YES_ERROR</string>
				<key>CLANG_WARN_UNREACHABLE_CODE</key>
				<string>YES</string>
				<key>CLANG_WARN__DUPLICATE_METHOD_MATCH</key>
				<string>YES</string>
				<key>CODE_SIGN_IDENTITY[sdk=iphoneos*]</key>
				<string>iPhone Developer</string>
				<key>COPY_PHASE_STRIP</key>
				<string>NO</string>
				<key>DEBUG_INFORMATION_FORMAT</key>
				<string>dwarf-with-dsym</string>
				<key>ENABLE_NS_ASSERTIONS</key>
				<string>NO</string>
				<key>ENABLE_STRICT_OBJC_MSGSEND</key>
				<string>YES</string>
				<key>GCC_C_LANGUAGE_STANDARD</key>
				<string>gnu99</string>
				<key>GCC_NO_COMMON_BLOCKS</key>
				<string>YES</string>
				<key>GCC_WARN_64_TO_32_BIT_CONVERSION</key>
				<string>YES</string>
				<key>GCC_WARN_ABOUT_RETURN_TYPE</key>
				<string>YES_ERROR</string>
				<key>GCC_WARN_UNDECLARED_SELECTOR</key>
				<string>YES</string>
				<key>GCC_WARN_UNINITIALIZED_AUTOS</key>
				<string>YES_AGGRESSIVE</string>
				<key>GCC_WARN_UNUSED_FUNCTION</key>
				<string>YES</string>
				<key>GCC_WARN_UNUSED_VARIABLE</key>
				<string>YES</string>
				<key>IPHONEOS_DEPLOYMENT_TARGET</key>
				<string>9.3</string>
				<key>MTL_ENABLE_DEBUG_INFO</key>
				<string>NO</string>
				<key>SDKROOT</key>
				<string>iphoneos</string>
				<key>TARGETED_DEVICE_FAMILY</key>
				<string>1,2</string>
				<key>VALIDATE_PRODUCT</key>
				<string>YES</string>
			</dict>
			<key>isa</key>
			<string>XCBuildConfiguration</string>
			<key>name</key>
			<string>Release</string>
		</dict>
		<key>885B78A91CA38FB800F61EC1</key>
		<dict>
			<key>buildConfigurations</key>
			<array>
				<string>885B78AA1CA38FB800F61EC1</string>
				<string>885B78AB1CA38FB800F61EC1</string>
			</array>
			<key>defaultConfigurationIsVisible</key>
			<string>0</string>
			<key>defaultConfigurationName</key>
			<string>Release</string>
			<key>isa</key>
			<string>XCConfigurationList</string>
		</dict>
		<key>885B78AA1CA38FB800F61EC1</key>
		<dict>
			<key>baseConfigurationReference</key>
			<string>2DDBA087D7EB3FA8AAB4DAB3</string>
			<key>buildSettings</key>
			<dict>
				<key>ASSETCATALOG_COMPILER_APPICON_NAME</key>
				<string>AppIcon</string>
				<key>INFOPLIST_FILE</key>
				<string>NxtService/Info.plist</string>
				<key>LD_RUNPATH_SEARCH_PATHS</key>
				<string>$(inherited) @executable_path/Frameworks</string>
				<key>PRODUCT_BUNDLE_IDENTIFIER</key>
				<string>com.projectomicron.NxtService</string>
				<key>PRODUCT_NAME</key>
				<string>$(TARGET_NAME)</string>
			</dict>
			<key>isa</key>
			<string>XCBuildConfiguration</string>
			<key>name</key>
			<string>Debug</string>
		</dict>
		<key>885B78AB1CA38FB800F61EC1</key>
		<dict>
			<key>baseConfigurationReference</key>
			<string>44378F1835B460E6A6FC95A0</string>
			<key>buildSettings</key>
			<dict>
				<key>ASSETCATALOG_COMPILER_APPICON_NAME</key>
				<string>AppIcon</string>
				<key>INFOPLIST_FILE</key>
				<string>NxtService/Info.plist</string>
				<key>LD_RUNPATH_SEARCH_PATHS</key>
				<string>$(inherited) @executable_path/Frameworks</string>
				<key>PRODUCT_BUNDLE_IDENTIFIER</key>
				<string>com.projectomicron.NxtService</string>
				<key>PRODUCT_NAME</key>
				<string>$(TARGET_NAME)</string>
			</dict>
			<key>isa</key>
			<string>XCBuildConfiguration</string>
			<key>name</key>
			<string>Release</string>
		</dict>
		<key>88DA7F631CA9F90900D3D486</key>
		<dict>
			<key>fileEncoding</key>
			<string>4</string>
			<key>isa</key>
			<string>PBXFileReference</string>
			<key>lastKnownFileType</key>
			<string>sourcecode.swift</string>
			<key>path</key>
			<string>LoginViewController.swift</string>
			<key>sourceTree</key>
			<string>&lt;group&gt;</string>
		</dict>
		<key>88DA7F641CA9F90900D3D486</key>
		<dict>
			<key>fileRef</key>
			<string>88DA7F631CA9F90900D3D486</string>
			<key>isa</key>
			<string>PBXBuildFile</string>
		</dict>
		<key>88DA7F671CAA0F4500D3D486</key>
		<dict>
			<key>fileEncoding</key>
			<string>4</string>
			<key>isa</key>
			<string>PBXFileReference</string>
			<key>lastKnownFileType</key>
			<string>sourcecode.swift</string>
			<key>path</key>
			<string>SignUpViewController.swift</string>
			<key>sourceTree</key>
			<string>&lt;group&gt;</string>
		</dict>
		<key>88DA7F681CAA0F4500D3D486</key>
		<dict>
			<key>fileRef</key>
			<string>88DA7F671CAA0F4500D3D486</string>
			<key>isa</key>
			<string>PBXBuildFile</string>
		</dict>
		<key>88E966BD1CA9B38B00ED4674</key>
		<dict>
			<key>children</key>
			<array>
				<string>8854A5E71CB1C03C00383004</string>
				<string>8854A5E91CB1C40900383004</string>
			</array>
			<key>isa</key>
			<string>PBXGroup</string>
			<key>name</key>
			<string>Model</string>
			<key>sourceTree</key>
			<string>&lt;group&gt;</string>
		</dict>
		<key>88E966BE1CA9B39300ED4674</key>
		<dict>
			<key>children</key>
			<array>
				<string>88E966C51CA9B7CA00ED4674</string>
				<string>88E966C91CA9B94200ED4674</string>
				<string>8851FEE01CAB4579007B7B55</string>
				<string>884633441CACA20800F660A6</string>
			</array>
			<key>isa</key>
			<string>PBXGroup</string>
			<key>name</key>
			<string>View</string>
			<key>sourceTree</key>
			<string>&lt;group&gt;</string>
		</dict>
		<key>88E966BF1CA9B39800ED4674</key>
		<dict>
			<key>children</key>
			<array>
				<string>885B789C1CA38FB800F61EC1</string>
				<string>88DA7F631CA9F90900D3D486</string>
				<string>88DA7F671CAA0F4500D3D486</string>
				<string>8851FEDE1CAB4354007B7B55</string>
				<string>884633461CACA45F00F660A6</string>
			</array>
			<key>isa</key>
			<string>PBXGroup</string>
			<key>name</key>
			<string>Controller</string>
			<key>sourceTree</key>
			<string>&lt;group&gt;</string>
		</dict>
		<key>88E966C01CA9B3AA00ED4674</key>
		<dict>
			<key>children</key>
			<array>
				<string>88E966C31CA9B42F00ED4674</string>
				<string>88E966C71CA9B83A00ED4674</string>
			</array>
			<key>isa</key>
			<string>PBXGroup</string>
			<key>name</key>
			<string>Resources</string>
			<key>sourceTree</key>
			<string>&lt;group&gt;</string>
		</dict>
		<key>88E966C11CA9B3B400ED4674</key>
		<dict>
			<key>children</key>
			<array/>
			<key>isa</key>
			<string>PBXGroup</string>
			<key>name</key>
			<string>Utilities</string>
			<key>sourceTree</key>
			<string>&lt;group&gt;</string>
		</dict>
		<key>88E966C21CA9B3DB00ED4674</key>
		<dict>
			<key>children</key>
			<array>
				<string>885B789E1CA38FB800F61EC1</string>
				<string>885B78A31CA38FB800F61EC1</string>
			</array>
			<key>isa</key>
			<string>PBXGroup</string>
			<key>name</key>
			<string>Storyboards</string>
			<key>sourceTree</key>
			<string>&lt;group&gt;</string>
		</dict>
		<key>88E966C31CA9B42F00ED4674</key>
		<dict>
			<key>isa</key>
			<string>PBXFileReference</string>
			<key>lastKnownFileType</key>
			<string>file</string>
			<key>path</key>
			<string>Viafont.ttf</string>
			<key>sourceTree</key>
			<string>&lt;group&gt;</string>
		</dict>
		<key>88E966C41CA9B42F00ED4674</key>
		<dict>
			<key>fileRef</key>
			<string>88E966C31CA9B42F00ED4674</string>
			<key>isa</key>
			<string>PBXBuildFile</string>
		</dict>
		<key>88E966C51CA9B7CA00ED4674</key>
		<dict>
			<key>fileEncoding</key>
			<string>4</string>
			<key>isa</key>
			<string>PBXFileReference</string>
			<key>lastKnownFileType</key>
			<string>sourcecode.swift</string>
			<key>path</key>
			<string>MaterialButton.swift</string>
			<key>sourceTree</key>
			<string>&lt;group&gt;</string>
		</dict>
		<key>88E966C61CA9B7CA00ED4674</key>
		<dict>
			<key>fileRef</key>
			<string>88E966C51CA9B7CA00ED4674</string>
			<key>isa</key>
			<string>PBXBuildFile</string>
		</dict>
		<key>88E966C71CA9B83A00ED4674</key>
		<dict>
			<key>fileEncoding</key>
			<string>4</string>
			<key>isa</key>
			<string>PBXFileReference</string>
			<key>lastKnownFileType</key>
			<string>sourcecode.swift</string>
			<key>path</key>
			<string>Constants.swift</string>
			<key>sourceTree</key>
			<string>&lt;group&gt;</string>
		</dict>
		<key>88E966C81CA9B83A00ED4674</key>
		<dict>
			<key>fileRef</key>
			<string>88E966C71CA9B83A00ED4674</string>
			<key>isa</key>
			<string>PBXBuildFile</string>
		</dict>
		<key>88E966C91CA9B94200ED4674</key>
		<dict>
			<key>fileEncoding</key>
			<string>4</string>
			<key>isa</key>
			<string>PBXFileReference</string>
			<key>lastKnownFileType</key>
			<string>sourcecode.swift</string>
			<key>path</key>
			<string>MaterialView.swift</string>
			<key>sourceTree</key>
			<string>&lt;group&gt;</string>
		</dict>
		<key>88E966CA1CA9B94200ED4674</key>
		<dict>
			<key>fileRef</key>
			<string>88E966C91CA9B94200ED4674</string>
			<key>isa</key>
			<string>PBXBuildFile</string>
		</dict>
		<key>9FD5088AF136331FD70C53A1</key>
		<dict>
			<key>buildActionMask</key>
			<string>2147483647</string>
			<key>files</key>
			<array/>
			<key>inputPaths</key>
			<array/>
			<key>isa</key>
			<string>PBXShellScriptBuildPhase</string>
			<key>name</key>
			<string>Copy Pods Resources</string>
			<key>outputPaths</key>
			<array/>
			<key>runOnlyForDeploymentPostprocessing</key>
			<string>0</string>
			<key>shellPath</key>
			<string>/bin/sh</string>
			<key>shellScript</key>
			<string>"${SRCROOT}/Pods/Target Support Files/Pods-NxtService/Pods-NxtService-resources.sh"
</string>
			<key>showEnvVarsInLog</key>
			<string>0</string>
		</dict>
		<key>EA7E6DC2EBB414BB92990F5F</key>
		<dict>
			<key>children</key>
			<array>
				<string>2DDBA087D7EB3FA8AAB4DAB3</string>
				<string>44378F1835B460E6A6FC95A0</string>
			</array>
			<key>isa</key>
			<string>PBXGroup</string>
			<key>name</key>
			<string>Pods</string>
			<key>sourceTree</key>
			<string>&lt;group&gt;</string>
		</dict>
		<key>F8F17672EC24C504868104E4</key>
		<dict>
			<key>children</key>
			<array>
				<string>6F917592FB28876952B5DD74</string>
			</array>
			<key>isa</key>
			<string>PBXGroup</string>
			<key>name</key>
			<string>Frameworks</string>
			<key>sourceTree</key>
			<string>&lt;group&gt;</string>
		</dict>
	</dict>
	<key>rootObject</key>
	<string>885B788F1CA38FB700F61EC1</string>
</dict>
</plist>
